// !$*UTF8*$!
{
	archiveVersion = 1;
	classes = {
	};
	objectVersion = 50;
	objects = {

/* Begin PBXBuildFile section */
		EEECEE0E2615D8D20062A4B9 /* AppDelegate.swift in Sources */ = {isa = PBXBuildFile; fileRef = EEECEE0D2615D8D20062A4B9 /* AppDelegate.swift */; };
		EEECEE102615D8D20062A4B9 /* SceneDelegate.swift in Sources */ = {isa = PBXBuildFile; fileRef = EEECEE0F2615D8D20062A4B9 /* SceneDelegate.swift */; };
		EEECEE122615D8D20062A4B9 /* ViewController.swift in Sources */ = {isa = PBXBuildFile; fileRef = EEECEE112615D8D20062A4B9 /* ViewController.swift */; };
		EEECEE152615D8D20062A4B9 /* Main.storyboard in Resources */ = {isa = PBXBuildFile; fileRef = EEECEE132615D8D20062A4B9 /* Main.storyboard */; };
		EEECEE172615D8D20062A4B9 /* Assets.xcassets in Resources */ = {isa = PBXBuildFile; fileRef = EEECEE162615D8D20062A4B9 /* Assets.xcassets */; };
		EEECEE1A2615D8D30062A4B9 /* LaunchScreen.storyboard in Resources */ = {isa = PBXBuildFile; fileRef = EEECEE182615D8D30062A4B9 /* LaunchScreen.storyboard */; };
		EEF5992226170F2200402861 /* User.swift in Sources */ = {isa = PBXBuildFile; fileRef = EEF5992126170F2200402861 /* User.swift */; };
/* End PBXBuildFile section */

/* Begin PBXFileReference section */
		EEECEE0A2615D8D20062A4B9 /* Assignement_Axon.app */ = {isa = PBXFileReference; explicitFileType = wrapper.application; includeInIndex = 0; path = Assignement_Axon.app; sourceTree = BUILT_PRODUCTS_DIR; };
		EEECEE0D2615D8D20062A4B9 /* AppDelegate.swift */ = {isa = PBXFileReference; lastKnownFileType = sourcecode.swift; path = AppDelegate.swift; sourceTree = "<group>"; };
		EEECEE0F2615D8D20062A4B9 /* SceneDelegate.swift */ = {isa = PBXFileReference; lastKnownFileType = sourcecode.swift; path = SceneDelegate.swift; sourceTree = "<group>"; };
		EEECEE112615D8D20062A4B9 /* ViewController.swift */ = {isa = PBXFileReference; lastKnownFileType = sourcecode.swift; path = ViewController.swift; sourceTree = "<group>"; };
		EEECEE142615D8D20062A4B9 /* Base */ = {isa = PBXFileReference; lastKnownFileType = file.storyboard; name = Base; path = Base.lproj/Main.storyboard; sourceTree = "<group>"; };
		EEECEE162615D8D20062A4B9 /* Assets.xcassets */ = {isa = PBXFileReference; lastKnownFileType = folder.assetcatalog; path = Assets.xcassets; sourceTree = "<group>"; };
		EEECEE192615D8D30062A4B9 /* Base */ = {isa = PBXFileReference; lastKnownFileType = file.storyboard; name = Base; path = Base.lproj/LaunchScreen.storyboard; sourceTree = "<group>"; };
		EEECEE1B2615D8D30062A4B9 /* Info.plist */ = {isa = PBXFileReference; lastKnownFileType = text.plist.xml; path = Info.plist; sourceTree = "<group>"; };
		EEF5992126170F2200402861 /* User.swift */ = {isa = PBXFileReference; lastKnownFileType = sourcecode.swift; path = User.swift; sourceTree = "<group>"; };
/* End PBXFileReference section */

/* Begin PBXFrameworksBuildPhase section */
		EEECEE072615D8D10062A4B9 /* Frameworks */ = {
			isa = PBXFrameworksBuildPhase;
			buildActionMask = 2147483647;
			files = (
			);
			runOnlyForDeploymentPostprocessing = 0;
		};
/* End PBXFrameworksBuildPhase section */

/* Begin PBXGroup section */
		EEECEE012615D8D10062A4B9 = {
			isa = PBXGroup;
			children = (
				EEECEE0C2615D8D20062A4B9 /* Assignement_Axon */,
				EEECEE0B2615D8D20062A4B9 /* Products */,
			);
			sourceTree = "<group>";
		};
		EEECEE0B2615D8D20062A4B9 /* Products */ = {
			isa = PBXGroup;
			children = (
				EEECEE0A2615D8D20062A4B9 /* Assignement_Axon.app */,
			);
			name = Products;
			sourceTree = "<group>";
		};
		EEECEE0C2615D8D20062A4B9 /* Assignement_Axon */ = {
			isa = PBXGroup;
			children = (
				EEF5991D26170E8A00402861 /* Model */,
				EEF5991E26170E9400402861 /* View */,
				EEF5991F26170EB700402861 /* Controller */,
				EEECEE0D2615D8D20062A4B9 /* AppDelegate.swift */,
				EEECEE0F2615D8D20062A4B9 /* SceneDelegate.swift */,
				EEECEE162615D8D20062A4B9 /* Assets.xcassets */,
				EEECEE182615D8D30062A4B9 /* LaunchScreen.storyboard */,
				EEECEE1B2615D8D30062A4B9 /* Info.plist */,
			);
			path = Assignement_Axon;
			sourceTree = "<group>";
		};
		EEF5991D26170E8A00402861 /* Model */ = {
			isa = PBXGroup;
			children = (
				EEF5992026170EE600402861 /* Network */,
			);
			path = Model;
			sourceTree = "<group>";
		};
		EEF5991E26170E9400402861 /* View */ = {
			isa = PBXGroup;
			children = (
				EEECEE132615D8D20062A4B9 /* Main.storyboard */,
			);
			path = View;
			sourceTree = "<group>";
		};
		EEF5991F26170EB700402861 /* Controller */ = {
			isa = PBXGroup;
			children = (
				EEECEE112615D8D20062A4B9 /* ViewController.swift */,
			);
			path = Controller;
			sourceTree = "<group>";
		};
		EEF5992026170EE600402861 /* Network */ = {
			isa = PBXGroup;
			children = (
				EEF5992126170F2200402861 /* User.swift */,
			);
			path = Network;
			sourceTree = "<group>";
		};
/* End PBXGroup section */

/* Begin PBXNativeTarget section */
		EEECEE092615D8D10062A4B9 /* Assignement_Axon */ = {
			isa = PBXNativeTarget;
			buildConfigurationList = EEECEE1E2615D8D30062A4B9 /* Build configuration list for PBXNativeTarget "Assignement_Axon" */;
			buildPhases = (
				EEECEE062615D8D10062A4B9 /* Sources */,
				EEECEE072615D8D10062A4B9 /* Frameworks */,
				EEECEE082615D8D10062A4B9 /* Resources */,
			);
			buildRules = (
			);
			dependencies = (
			);
			name = Assignement_Axon;
			productName = Assignement_Axon;
			productReference = EEECEE0A2615D8D20062A4B9 /* Assignement_Axon.app */;
			productType = "com.apple.product-type.application";
		};
/* End PBXNativeTarget section */

/* Begin PBXProject section */
		EEECEE022615D8D10062A4B9 /* Project object */ = {
			isa = PBXProject;
			attributes = {
				LastSwiftUpdateCheck = 1240;
				LastUpgradeCheck = 1240;
				TargetAttributes = {
					EEECEE092615D8D10062A4B9 = {
						CreatedOnToolsVersion = 12.4;
					};
				};
			};
			buildConfigurationList = EEECEE052615D8D10062A4B9 /* Build configuration list for PBXProject "Assignement_Axon" */;
			compatibilityVersion = "Xcode 9.3";
			developmentRegion = en;
			hasScannedForEncodings = 0;
			knownRegions = (
				en,
				Base,
			);
			mainGroup = EEECEE012615D8D10062A4B9;
			productRefGroup = EEECEE0B2615D8D20062A4B9 /* Products */;
			projectDirPath = "";
			projectRoot = "";
			targets = (
				EEECEE092615D8D10062A4B9 /* Assignement_Axon */,
			);
		};
/* End PBXProject section */

/* Begin PBXResourcesBuildPhase section */
		EEECEE082615D8D10062A4B9 /* Resources */ = {
			isa = PBXResourcesBuildPhase;
			buildActionMask = 2147483647;
			files = (
				EEECEE1A2615D8D30062A4B9 /* LaunchScreen.storyboard in Resources */,
				EEECEE172615D8D20062A4B9 /* Assets.xcassets in Resources */,
				EEECEE152615D8D20062A4B9 /* Main.storyboard in Resources */,
			);
			runOnlyForDeploymentPostprocessing = 0;
		};
/* End PBXResourcesBuildPhase section */

/* Begin PBXSourcesBuildPhase section */
		EEECEE062615D8D10062A4B9 /* Sources */ = {
			isa = PBXSourcesBuildPhase;
			buildActionMask = 2147483647;
			files = (
				EEF5992226170F2200402861 /* User.swift in Sources */,
				EEECEE122615D8D20062A4B9 /* ViewController.swift in Sources */,
				EEECEE0E2615D8D20062A4B9 /* AppDelegate.swift in Sources */,
				EEECEE102615D8D20062A4B9 /* SceneDelegate.swift in Sources */,
			);
			runOnlyForDeploymentPostprocessing = 0;
		};
/* End PBXSourcesBuildPhase section */

/* Begin PBXVariantGroup section */
		EEECEE132615D8D20062A4B9 /* Main.storyboard */ = {
			isa = PBXVariantGroup;
			children = (
				EEECEE142615D8D20062A4B9 /* Base */,
			);
			name = Main.storyboard;
			sourceTree = "<group>";
		};
		EEECEE182615D8D30062A4B9 /* LaunchScreen.storyboard */ = {
			isa = PBXVariantGroup;
			children = (
				EEECEE192615D8D30062A4B9 /* Base */,
			);
			name = LaunchScreen.storyboard;
			sourceTree = "<group>";
		};
/* End PBXVariantGroup section */

/* Begin XCBuildConfiguration section */
		EEECEE1C2615D8D30062A4B9 /* Debug */ = {
			isa = XCBuildConfiguration;
			buildSettings = {
				ALWAYS_SEARCH_USER_PATHS = NO;
				CLANG_ANALYZER_NONNULL = YES;
				CLANG_ANALYZER_NUMBER_OBJECT_CONVERSION = YES_AGGRESSIVE;
				CLANG_CXX_LANGUAGE_STANDARD = "gnu++14";
				CLANG_CXX_LIBRARY = "libc++";
				CLANG_ENABLE_MODULES = YES;
				CLANG_ENABLE_OBJC_ARC = YES;
				CLANG_ENABLE_OBJC_WEAK = YES;
				CLANG_WARN_BLOCK_CAPTURE_AUTORELEASING = YES;
				CLANG_WARN_BOOL_CONVERSION = YES;
				CLANG_WARN_COMMA = YES;
				CLANG_WARN_CONSTANT_CONVERSION = YES;
				CLANG_WARN_DEPRECATED_OBJC_IMPLEMENTATIONS = YES;
				CLANG_WARN_DIRECT_OBJC_ISA_USAGE = YES_ERROR;
				CLANG_WARN_DOCUMENTATION_COMMENTS = YES;
				CLANG_WARN_EMPTY_BODY = YES;
				CLANG_WARN_ENUM_CONVERSION = YES;
				CLANG_WARN_INFINITE_RECURSION = YES;
				CLANG_WARN_INT_CONVERSION = YES;
				CLANG_WARN_NON_LITERAL_NULL_CONVERSION = YES;
				CLANG_WARN_OBJC_IMPLICIT_RETAIN_SELF = YES;
				CLANG_WARN_OBJC_LITERAL_CONVERSION = YES;
				CLANG_WARN_OBJC_ROOT_CLASS = YES_ERROR;
				CLANG_WARN_QUOTED_INCLUDE_IN_FRAMEWORK_HEADER = YES;
				CLANG_WARN_RANGE_LOOP_ANALYSIS = YES;
				CLANG_WARN_STRICT_PROTOTYPES = YES;
				CLANG_WARN_SUSPICIOUS_MOVE = YES;
				CLANG_WARN_UNGUARDED_AVAILABILITY = YES_AGGRESSIVE;
				CLANG_WARN_UNREACHABLE_CODE = YES;
				CLANG_WARN__DUPLICATE_METHOD_MATCH = YES;
				COPY_PHASE_STRIP = NO;
				DEBUG_INFORMATION_FORMAT = dwarf;
				ENABLE_STRICT_OBJC_MSGSEND = YES;
				ENABLE_TESTABILITY = YES;
				GCC_C_LANGUAGE_STANDARD = gnu11;
				GCC_DYNAMIC_NO_PIC = NO;
				GCC_NO_COMMON_BLOCKS = YES;
				GCC_OPTIMIZATION_LEVEL = 0;
				GCC_PREPROCESSOR_DEFINITIONS = (
					"DEBUG=1",
					"$(inherited)",
				);
				GCC_WARN_64_TO_32_BIT_CONVERSION = YES;
				GCC_WARN_ABOUT_RETURN_TYPE = YES_ERROR;
				GCC_WARN_UNDECLARED_SELECTOR = YES;
				GCC_WARN_UNINITIALIZED_AUTOS = YES_AGGRESSIVE;
				GCC_WARN_UNUSED_FUNCTION = YES;
				GCC_WARN_UNUSED_VARIABLE = YES;
				IPHONEOS_DEPLOYMENT_TARGET = 14.4;
				MTL_ENABLE_DEBUG_INFO = INCLUDE_SOURCE;
				MTL_FAST_MATH = YES;
				ONLY_ACTIVE_ARCH = YES;
				SDKROOT = iphoneos;
				SWIFT_ACTIVE_COMPILATION_CONDITIONS = DEBUG;
				SWIFT_OPTIMIZATION_LEVEL = "-Onone";
			};
			name = Debug;
		};
		EEECEE1D2615D8D30062A4B9 /* Release */ = {
			isa = XCBuildConfiguration;
			buildSettings = {
				ALWAYS_SEARCH_USER_PATHS = NO;
				CLANG_ANALYZER_NONNULL = YES;
				CLANG_ANALYZER_NUMBER_OBJECT_CONVERSION = YES_AGGRESSIVE;
				CLANG_CXX_LANGUAGE_STANDARD = "gnu++14";
				CLANG_CXX_LIBRARY = "libc++";
				CLANG_ENABLE_MODULES = YES;
				CLANG_ENABLE_OBJC_ARC = YES;
				CLANG_ENABLE_OBJC_WEAK = YES;
				CLANG_WARN_BLOCK_CAPTURE_AUTORELEASING = YES;
				CLANG_WARN_BOOL_CONVERSION = YES;
				CLANG_WARN_COMMA = YES;
				CLANG_WARN_CONSTANT_CONVERSION = YES;
				CLANG_WARN_DEPRECATED_OBJC_IMPLEMENTATIONS = YES;
				CLANG_WARN_DIRECT_OBJC_ISA_USAGE = YES_ERROR;
				CLANG_WARN_DOCUMENTATION_COMMENTS = YES;
				CLANG_WARN_EMPTY_BODY = YES;
				CLANG_WARN_ENUM_CONVERSION = YES;
				CLANG_WARN_INFINITE_RECURSION = YES;
				CLANG_WARN_INT_CONVERSION = YES;
				CLANG_WARN_NON_LITERAL_NULL_CONVERSION = YES;
				CLANG_WARN_OBJC_IMPLICIT_RETAIN_SELF = YES;
				CLANG_WARN_OBJC_LITERAL_CONVERSION = YES;
				CLANG_WARN_OBJC_ROOT_CLASS = YES_ERROR;
				CLANG_WARN_QUOTED_INCLUDE_IN_FRAMEWORK_HEADER = YES;
				CLANG_WARN_RANGE_LOOP_ANALYSIS = YES;
				CLANG_WARN_STRICT_PROTOTYPES = YES;
				CLANG_WARN_SUSPICIOUS_MOVE = YES;
				CLANG_WARN_UNGUARDED_AVAILABILITY = YES_AGGRESSIVE;
				CLANG_WARN_UNREACHABLE_CODE = YES;
				CLANG_WARN__DUPLICATE_METHOD_MATCH = YES;
				COPY_PHASE_STRIP = NO;
				DEBUG_INFORMATION_FORMAT = "dwarf-with-dsym";
				ENABLE_NS_ASSERTIONS = NO;
				ENABLE_STRICT_OBJC_MSGSEND = YES;
				GCC_C_LANGUAGE_STANDARD = gnu11;
				GCC_NO_COMMON_BLOCKS = YES;
				GCC_WARN_64_TO_32_BIT_CONVERSION = YES;
				GCC_WARN_ABOUT_RETURN_TYPE = YES_ERROR;
				GCC_WARN_UNDECLARED_SELECTOR = YES;
				GCC_WARN_UNINITIALIZED_AUTOS = YES_AGGRESSIVE;
				GCC_WARN_UNUSED_FUNCTION = YES;
				GCC_WARN_UNUSED_VARIABLE = YES;
				IPHONEOS_DEPLOYMENT_TARGET = 14.4;
				MTL_ENABLE_DEBUG_INFO = NO;
				MTL_FAST_MATH = YES;
				SDKROOT = iphoneos;
				SWIFT_COMPILATION_MODE = wholemodule;
				SWIFT_OPTIMIZATION_LEVEL = "-O";
				VALIDATE_PRODUCT = YES;
			};
			name = Release;
		};
		EEECEE1F2615D8D30062A4B9 /* Debug */ = {
			isa = XCBuildConfiguration;
			buildSettings = {
				ASSETCATALOG_COMPILER_APPICON_NAME = AppIcon;
				ASSETCATALOG_COMPILER_GLOBAL_ACCENT_COLOR_NAME = AccentColor;
				CODE_SIGN_STYLE = Automatic;
				DEVELOPMENT_TEAM = TH9757229U;
				INFOPLIST_FILE = Assignement_Axon/Info.plist;
				LD_RUNPATH_SEARCH_PATHS = (
					"$(inherited)",
					"@executable_path/Frameworks",
				);
				PRODUCT_BUNDLE_IDENTIFIER = "ispetrovskyi.Assignement-Axon";
				PRODUCT_NAME = "$(TARGET_NAME)";
				SWIFT_VERSION = 5.0;
				TARGETED_DEVICE_FAMILY = "1,2";
			};
			name = Debug;
		};
		EEECEE202615D8D30062A4B9 /* Release */ = {
			isa = XCBuildConfiguration;
			buildSettings = {
				ASSETCATALOG_COMPILER_APPICON_NAME = AppIcon;
				ASSETCATALOG_COMPILER_GLOBAL_ACCENT_COLOR_NAME = AccentColor;
				CODE_SIGN_STYLE = Automatic;
				DEVELOPMENT_TEAM = TH9757229U;
				INFOPLIST_FILE = Assignement_Axon/Info.plist;
				LD_RUNPATH_SEARCH_PATHS = (
					"$(inherited)",
					"@executable_path/Frameworks",
				);
				PRODUCT_BUNDLE_IDENTIFIER = "ispetrovskyi.Assignement-Axon";
				PRODUCT_NAME = "$(TARGET_NAME)";
				SWIFT_VERSION = 5.0;
				TARGETED_DEVICE_FAMILY = "1,2";
			};
			name = Release;
		};
/* End XCBuildConfiguration section */

/* Begin XCConfigurationList section */
		EEECEE052615D8D10062A4B9 /* Build configuration list for PBXProject "Assignement_Axon" */ = {
			isa = XCConfigurationList;
			buildConfigurations = (
				EEECEE1C2615D8D30062A4B9 /* Debug */,
				EEECEE1D2615D8D30062A4B9 /* Release */,
			);
			defaultConfigurationIsVisible = 0;
			defaultConfigurationName = Release;
		};
		EEECEE1E2615D8D30062A4B9 /* Build configuration list for PBXNativeTarget "Assignement_Axon" */ = {
			isa = XCConfigurationList;
			buildConfigurations = (
				EEECEE1F2615D8D30062A4B9 /* Debug */,
				EEECEE202615D8D30062A4B9 /* Release */,
			);
			defaultConfigurationIsVisible = 0;
			defaultConfigurationName = Release;
		};
/* End XCConfigurationList section */
	};
	rootObject = EEECEE022615D8D10062A4B9 /* Project object */;
}
